
Microsoft Visual Studio Solution File, Format Version 12.00
# Visual Studio 15
VisualStudioVersion = 15.0.27130.2010
MinimumVisualStudioVersion = 10.0.40219.1
Project("{FAE04EC0-301F-11D3-BF4B-00C04F79EFBC}") = "DBUtils.Lib", "DBUtils.Lib\DBUtils.Lib.csproj", "{411429B0-C083-4CC9-9712-9187B42AE694}"
EndProject
Global
	GlobalSection(SolutionConfigurationPlatforms) = preSolution
		Debug|Any CPU = Debug|Any CPU
		Release|Any CPU = Release|Any CPU
	EndGlobalSection
	GlobalSection(ProjectConfigurationPlatforms) = postSolution
		{411429B0-C083-4CC9-9712-9187B42AE694}.Debug|Any CPU.ActiveCfg = Debug|Any CPU
		{411429B0-C083-4CC9-9712-9187B42AE694}.Debug|Any CPU.Build.0 = Debug|Any CPU
		{411429B0-C083-4CC9-9712-9187B42AE694}.Release|Any CPU.ActiveCfg = Release|Any CPU
		{411429B0-C083-4CC9-9712-9187B42AE694}.Release|Any CPU.Build.0 = Release|Any CPU
	EndGlobalSection
	GlobalSection(SolutionProperties) = preSolution
		HideSolutionNode = FALSE
	EndGlobalSection
	GlobalSection(ExtensibilityGlobals) = postSolution
		SolutionGuid = {37E5521C-EFAB-4978-A3E8-112DA60E922E}
	EndGlobalSection
EndGlobal
